// !$*UTF8*$!
{
	archiveVersion = 1;
	classes = {
	};
	objectVersion = 77;
	objects = {

/* Begin PBXBuildFile section */
		4ADC24BA2E4898AE00BB8416 /* GoogleMobileAds in Frameworks */ = {isa = PBXBuildFile; productRef = 4ADC24B92E4898AE00BB8416 /* GoogleMobileAds */; };
		9A1E00012F7A00010000000F /* PostHog in Frameworks */ = {isa = PBXBuildFile; productRef = 9A1E00012F7A000100000010 /* PostHog */; };
/* End PBXBuildFile section */

/* Begin PBXContainerItemProxy section */
		9A1E00012F7A00010000000A /* PBXContainerItemProxy */ = {
			isa = PBXContainerItemProxy;
			containerPortal = 4AD131A82E3CD81400778077 /* Project object */;
			proxyType = 1;
			remoteGlobalIDString = 4AD131AF2E3CD81400778077;
			remoteInfo = cleanBrowser;
		};
/* End PBXContainerItemProxy section */

/* Begin PBXFileReference section */
		4AD131B02E3CD81400778077 /* cleanBrowser.app */ = {isa = PBXFileReference; explicitFileType = wrapper.application; includeInIndex = 0; path = cleanBrowser.app; sourceTree = BUILT_PRODUCTS_DIR; };
		9A1E00012F7A000100000001 /* cleanBrowserTests.xctest */ = {isa = PBXFileReference; explicitFileType = wrapper.cfbundle; includeInIndex = 0; path = cleanBrowserTests.xctest; sourceTree = BUILT_PRODUCTS_DIR; };
		9A1E00012F7A00010000000C /* cleanBrowser/Config.xcconfig */ = {isa = PBXFileReference; lastKnownFileType = text.xcconfig; path = cleanBrowser/Config.xcconfig; sourceTree = SOURCE_ROOT; };
		9A1E00012F7A00010000000D /* cleanBrowser/Debug.xcconfig */ = {isa = PBXFileReference; lastKnownFileType = text.xcconfig; path = cleanBrowser/Debug.xcconfig; sourceTree = SOURCE_ROOT; };
		9A1E00012F7A00010000000E /* cleanBrowser/Release.xcconfig */ = {isa = PBXFileReference; lastKnownFileType = text.xcconfig; path = cleanBrowser/Release.xcconfig; sourceTree = SOURCE_ROOT; };
/* End PBXFileReference section */

/* Begin PBXFileSystemSynchronizedBuildFileExceptionSet section */
		4ADC24E12E489F2200BB8416 /* Exceptions for "cleanBrowser" folder in "cleanBrowser" target */ = {
			isa = PBXFileSystemSynchronizedBuildFileExceptionSet;
			membershipExceptions = (
				Info.plist,
				Tests/Helpers/TestDoubles.swift,
				Tests/Services/BrowserSessionPersistenceTests.swift,
				Tests/Services/DailyInterstitialGateStoreTests.swift,
				Tests/Services/PINServiceTests.swift,
				Tests/Stores/BrowserStoreTests.swift,
				Tests/Utilities/BrowserURLResolverTests.swift,
				Tests/ViewModels/ContentViewModelTests.swift,
				Tests/ViewModels/CustomKeyboardViewModelTests.swift,
				Tests/ViewModels/DailyInterstitialGateViewModelTests.swift,
			);
			target = 4AD131AF2E3CD81400778077 /* cleanBrowser */;
		};
/* End PBXFileSystemSynchronizedBuildFileExceptionSet section */

/* Begin PBXFileSystemSynchronizedRootGroup section */
		4AD131B22E3CD81400778077 /* cleanBrowser */ = {
			isa = PBXFileSystemSynchronizedRootGroup;
			exceptions = (
				4ADC24E12E489F2200BB8416 /* Exceptions for "cleanBrowser" folder in "cleanBrowser" target */,
			);
			path = cleanBrowser;
			sourceTree = "<group>";
		};
		9A1E00012F7A000100000002 /* cleanBrowser/Tests */ = {
			isa = PBXFileSystemSynchronizedRootGroup;
			path = cleanBrowser/Tests;
			sourceTree = "<group>";
		};
/* End PBXFileSystemSynchronizedRootGroup section */

/* Begin PBXFrameworksBuildPhase section */
		4AD131AD2E3CD81400778077 /* Frameworks */ = {
			isa = PBXFrameworksBuildPhase;
			buildActionMask = 2147483647;
			files = (
				4ADC24BA2E4898AE00BB8416 /* GoogleMobileAds in Frameworks */,
				9A1E00012F7A00010000000F /* PostHog in Frameworks */,
			);
			runOnlyForDeploymentPostprocessing = 0;
		};
		9A1E00012F7A000100000003 /* Frameworks */ = {
			isa = PBXFrameworksBuildPhase;
			buildActionMask = 2147483647;
			files = (
			);
			runOnlyForDeploymentPostprocessing = 0;
		};
/* End PBXFrameworksBuildPhase section */

/* Begin PBXGroup section */
		4AD131A72E3CD81400778077 = {
			isa = PBXGroup;
			children = (
				4AD131B22E3CD81400778077 /* cleanBrowser */,
				9A1E00012F7A000100000002 /* cleanBrowser/Tests */,
				9A1E00012F7A00010000000C /* cleanBrowser/Config.xcconfig */,
				9A1E00012F7A00010000000D /* cleanBrowser/Debug.xcconfig */,
				9A1E00012F7A00010000000E /* cleanBrowser/Release.xcconfig */,
				4AD131B12E3CD81400778077 /* Products */,
			);
			sourceTree = "<group>";
		};
		4AD131B12E3CD81400778077 /* Products */ = {
			isa = PBXGroup;
			children = (
				4AD131B02E3CD81400778077 /* cleanBrowser.app */,
				9A1E00012F7A000100000001 /* cleanBrowserTests.xctest */,
			);
			name = Products;
			sourceTree = "<group>";
		};
/* End PBXGroup section */

/* Begin PBXNativeTarget section */
		4AD131AF2E3CD81400778077 /* cleanBrowser */ = {
			isa = PBXNativeTarget;
			buildConfigurationList = 4AD131BE2E3CD81700778077 /* Build configuration list for PBXNativeTarget "cleanBrowser" */;
			buildPhases = (
				4AD131AC2E3CD81400778077 /* Sources */,
				4AD131AD2E3CD81400778077 /* Frameworks */,
				4AD131AE2E3CD81400778077 /* Resources */,
			);
			buildRules = (
			);
			dependencies = (
			);
			fileSystemSynchronizedGroups = (
				4AD131B22E3CD81400778077 /* cleanBrowser */,
			);
			name = cleanBrowser;
			packageProductDependencies = (
				4ADC24B92E4898AE00BB8416 /* GoogleMobileAds */,
				9A1E00012F7A000100000010 /* PostHog */,
			);
			productName = cleanBrowser;
			productReference = 4AD131B02E3CD81400778077 /* cleanBrowser.app */;
			productType = "com.apple.product-type.application";
		};
		9A1E00012F7A000100000006 /* cleanBrowserTests */ = {
			isa = PBXNativeTarget;
			buildConfigurationList = 9A1E00012F7A000100000007 /* Build configuration list for PBXNativeTarget "cleanBrowserTests" */;
			buildPhases = (
				9A1E00012F7A000100000005 /* Sources */,
				9A1E00012F7A000100000003 /* Frameworks */,
				9A1E00012F7A000100000004 /* Resources */,
			);
			buildRules = (
			);
			dependencies = (
				9A1E00012F7A00010000000B /* PBXTargetDependency */,
			);
			fileSystemSynchronizedGroups = (
				9A1E00012F7A000100000002 /* cleanBrowser/Tests */,
			);
			name = cleanBrowserTests;
			productName = cleanBrowserTests;
			productReference = 9A1E00012F7A000100000001 /* cleanBrowserTests.xctest */;
			productType = "com.apple.product-type.bundle.unit-test";
		};
/* End PBXNativeTarget section */

/* Begin PBXProject section */
		4AD131A82E3CD81400778077 /* Project object */ = {
			isa = PBXProject;
			attributes = {
				BuildIndependentTargetsInParallel = 1;
				LastSwiftUpdateCheck = 1620;
				LastUpgradeCheck = 1620;
				TargetAttributes = {
					4AD131AF2E3CD81400778077 = {
						CreatedOnToolsVersion = 16.2;
					};
					9A1E00012F7A000100000006 = {
						CreatedOnToolsVersion = 16.2;
						TestTargetID = 4AD131AF2E3CD81400778077;
					};
				};
			};
			buildConfigurationList = 4AD131AB2E3CD81400778077 /* Build configuration list for PBXProject "cleanBrowser" */;
			developmentRegion = en;
			hasScannedForEncodings = 0;
			knownRegions = (
				en,
				Base,
			);
			mainGroup = 4AD131A72E3CD81400778077;
			minimizedProjectReferenceProxies = 1;
			packageReferences = (
				4ADC24B82E4898AE00BB8416 /* XCRemoteSwiftPackageReference "swift-package-manager-google-mobile-ads" */,
				9A1E00012F7A000100000011 /* XCRemoteSwiftPackageReference "posthog-ios" */,
			);
			preferredProjectObjectVersion = 77;
			productRefGroup = 4AD131B12E3CD81400778077 /* Products */;
			projectDirPath = "";
			projectRoot = "";
			targets = (
				4AD131AF2E3CD81400778077 /* cleanBrowser */,
				9A1E00012F7A000100000006 /* cleanBrowserTests */,
			);
		};
/* End PBXProject section */

/* Begin PBXResourcesBuildPhase section */
		4AD131AE2E3CD81400778077 /* Resources */ = {
			isa = PBXResourcesBuildPhase;
			buildActionMask = 2147483647;
			files = (
			);
			runOnlyForDeploymentPostprocessing = 0;
		};
		9A1E00012F7A000100000004 /* Resources */ = {
			isa = PBXResourcesBuildPhase;
			buildActionMask = 2147483647;
			files = (
			);
			runOnlyForDeploymentPostprocessing = 0;
		};
/* End PBXResourcesBuildPhase section */

/* Begin PBXSourcesBuildPhase section */
		4AD131AC2E3CD81400778077 /* Sources */ = {
			isa = PBXSourcesBuildPhase;
			buildActionMask = 2147483647;
			files = (
			);
			runOnlyForDeploymentPostprocessing = 0;
		};
		9A1E00012F7A000100000005 /* Sources */ = {
			isa = PBXSourcesBuildPhase;
			buildActionMask = 2147483647;
			files = (
			);
			runOnlyForDeploymentPostprocessing = 0;
		};
/* End PBXSourcesBuildPhase section */

/* Begin PBXTargetDependency section */
		9A1E00012F7A00010000000B /* PBXTargetDependency */ = {
			isa = PBXTargetDependency;
			target = 4AD131AF2E3CD81400778077 /* cleanBrowser */;
			targetProxy = 9A1E00012F7A00010000000A /* PBXContainerItemProxy */;
		};
/* End PBXTargetDependency section */

/* Begin XCBuildConfiguration section */
		4AD131BC2E3CD81700778077 /* Debug */ = {
			isa = XCBuildConfiguration;
			buildSettings = {
				ALWAYS_SEARCH_USER_PATHS = NO;
				ASSETCATALOG_COMPILER_GENERATE_SWIFT_ASSET_SYMBOL_EXTENSIONS = YES;
				CLANG_ANALYZER_NONNULL = YES;
				CLANG_ANALYZER_NUMBER_OBJECT_CONVERSION = YES_AGGRESSIVE;
				CLANG_CXX_LANGUAGE_STANDARD = "gnu++20";
				CLANG_ENABLE_MODULES = YES;
				CLANG_ENABLE_OBJC_ARC = YES;
				CLANG_ENABLE_OBJC_WEAK = YES;
				CLANG_WARN_BLOCK_CAPTURE_AUTORELEASING = YES;
				CLANG_WARN_BOOL_CONVERSION = YES;
				CLANG_WARN_COMMA = YES;
				CLANG_WARN_CONSTANT_CONVERSION = YES;
				CLANG_WARN_DEPRECATED_OBJC_IMPLEMENTATIONS = YES;
				CLANG_WARN_DIRECT_OBJC_ISA_USAGE = YES_ERROR;
				CLANG_WARN_DOCUMENTATION_COMMENTS = YES;
				CLANG_WARN_EMPTY_BODY = YES;
				CLANG_WARN_ENUM_CONVERSION = YES;
				CLANG_WARN_INFINITE_RECURSION = YES;
				CLANG_WARN_INT_CONVERSION = YES;
				CLANG_WARN_NON_LITERAL_NULL_CONVERSION = YES;
				CLANG_WARN_OBJC_IMPLICIT_RETAIN_SELF = YES;
				CLANG_WARN_OBJC_LITERAL_CONVERSION = YES;
				CLANG_WARN_OBJC_ROOT_CLASS = YES_ERROR;
				CLANG_WARN_QUOTED_INCLUDE_IN_FRAMEWORK_HEADER = YES;
				CLANG_WARN_RANGE_LOOP_ANALYSIS = YES;
				CLANG_WARN_STRICT_PROTOTYPES = YES;
				CLANG_WARN_SUSPICIOUS_MOVE = YES;
				CLANG_WARN_UNGUARDED_AVAILABILITY = YES_AGGRESSIVE;
				CLANG_WARN_UNREACHABLE_CODE = YES;
				CLANG_WARN__DUPLICATE_METHOD_MATCH = YES;
				COPY_PHASE_STRIP = NO;
				DEBUG_INFORMATION_FORMAT = dwarf;
				ENABLE_STRICT_OBJC_MSGSEND = YES;
				ENABLE_TESTABILITY = YES;
				ENABLE_USER_SCRIPT_SANDBOXING = YES;
				GCC_C_LANGUAGE_STANDARD = gnu17;
				GCC_DYNAMIC_NO_PIC = NO;
				GCC_NO_COMMON_BLOCKS = YES;
				GCC_OPTIMIZATION_LEVEL = 0;
				GCC_PREPROCESSOR_DEFINITIONS = (
					"DEBUG=1",
					"$(inherited)",
				);
				GCC_WARN_64_TO_32_BIT_CONVERSION = YES;
				GCC_WARN_ABOUT_RETURN_TYPE = YES_ERROR;
				GCC_WARN_UNDECLARED_SELECTOR = YES;
				GCC_WARN_UNINITIALIZED_AUTOS = YES_AGGRESSIVE;
				GCC_WARN_UNUSED_FUNCTION = YES;
				GCC_WARN_UNUSED_VARIABLE = YES;
				IPHONEOS_DEPLOYMENT_TARGET = 18.2;
				LOCALIZATION_PREFERS_STRING_CATALOGS = YES;
				MTL_ENABLE_DEBUG_INFO = INCLUDE_SOURCE;
				MTL_FAST_MATH = YES;
				ONLY_ACTIVE_ARCH = YES;
				SDKROOT = iphoneos;
				SWIFT_ACTIVE_COMPILATION_CONDITIONS = "DEBUG $(inherited)";
				SWIFT_OPTIMIZATION_LEVEL = "-Onone";
			};
			name = Debug;
		};
		4AD131BD2E3CD81700778077 /* Release */ = {
			isa = XCBuildConfiguration;
			buildSettings = {
				ALWAYS_SEARCH_USER_PATHS = NO;
				ASSETCATALOG_COMPILER_GENERATE_SWIFT_ASSET_SYMBOL_EXTENSIONS = YES;
				CLANG_ANALYZER_NONNULL = YES;
				CLANG_ANALYZER_NUMBER_OBJECT_CONVERSION = YES_AGGRESSIVE;
				CLANG_CXX_LANGUAGE_STANDARD = "gnu++20";
				CLANG_ENABLE_MODULES = YES;
				CLANG_ENABLE_OBJC_ARC = YES;
				CLANG_ENABLE_OBJC_WEAK = YES;
				CLANG_WARN_BLOCK_CAPTURE_AUTORELEASING = YES;
				CLANG_WARN_BOOL_CONVERSION = YES;
				CLANG_WARN_COMMA = YES;
				CLANG_WARN_CONSTANT_CONVERSION = YES;
				CLANG_WARN_DEPRECATED_OBJC_IMPLEMENTATIONS = YES;
				CLANG_WARN_DIRECT_OBJC_ISA_USAGE = YES_ERROR;
				CLANG_WARN_DOCUMENTATION_COMMENTS = YES;
				CLANG_WARN_EMPTY_BODY = YES;
				CLANG_WARN_ENUM_CONVERSION = YES;
				CLANG_WARN_INFINITE_RECURSION = YES;
				CLANG_WARN_INT_CONVERSION = YES;
				CLANG_WARN_NON_LITERAL_NULL_CONVERSION = YES;
				CLANG_WARN_OBJC_IMPLICIT_RETAIN_SELF = YES;
				CLANG_WARN_OBJC_LITERAL_CONVERSION = YES;
				CLANG_WARN_OBJC_ROOT_CLASS = YES_ERROR;
				CLANG_WARN_QUOTED_INCLUDE_IN_FRAMEWORK_HEADER = YES;
				CLANG_WARN_RANGE_LOOP_ANALYSIS = YES;
				CLANG_WARN_STRICT_PROTOTYPES = YES;
				CLANG_WARN_SUSPICIOUS_MOVE = YES;
				CLANG_WARN_UNGUARDED_AVAILABILITY = YES_AGGRESSIVE;
				CLANG_WARN_UNREACHABLE_CODE = YES;
				CLANG_WARN__DUPLICATE_METHOD_MATCH = YES;
				COPY_PHASE_STRIP = NO;
				DEBUG_INFORMATION_FORMAT = "dwarf-with-dsym";
				ENABLE_NS_ASSERTIONS = NO;
				ENABLE_STRICT_OBJC_MSGSEND = YES;
				ENABLE_USER_SCRIPT_SANDBOXING = YES;
				GCC_C_LANGUAGE_STANDARD = gnu17;
				GCC_NO_COMMON_BLOCKS = YES;
				GCC_WARN_64_TO_32_BIT_CONVERSION = YES;
				GCC_WARN_ABOUT_RETURN_TYPE = YES_ERROR;
				GCC_WARN_UNDECLARED_SELECTOR = YES;
				GCC_WARN_UNINITIALIZED_AUTOS = YES_AGGRESSIVE;
				GCC_WARN_UNUSED_FUNCTION = YES;
				GCC_WARN_UNUSED_VARIABLE = YES;
				IPHONEOS_DEPLOYMENT_TARGET = 18.2;
				LOCALIZATION_PREFERS_STRING_CATALOGS = YES;
				MTL_ENABLE_DEBUG_INFO = NO;
				MTL_FAST_MATH = YES;
				SDKROOT = iphoneos;
				SWIFT_COMPILATION_MODE = wholemodule;
				VALIDATE_PRODUCT = YES;
			};
			name = Release;
		};
		4AD131BF2E3CD81700778077 /* Debug */ = {
			isa = XCBuildConfiguration;
			baseConfigurationReference = 9A1E00012F7A00010000000D /* cleanBrowser/Debug.xcconfig */;
			buildSettings = {
				ASSETCATALOG_COMPILER_APPICON_NAME = AppIcon;
				ASSETCATALOG_COMPILER_GLOBAL_ACCENT_COLOR_NAME = AccentColor;
				CODE_SIGN_STYLE = Automatic;
				CURRENT_PROJECT_VERSION = 1;
				DEVELOPMENT_ASSET_PATHS = "\"cleanBrowser/Preview Content\"";
				DEVELOPMENT_TEAM = D94299A947;
				ENABLE_PREVIEWS = YES;
				GENERATE_INFOPLIST_FILE = YES;
				INFOPLIST_FILE = cleanBrowser/Info.plist;
				INFOPLIST_KEY_CFBundleDisplayName = NoPeek;
				INFOPLIST_KEY_LSApplicationCategoryType = "public.app-category.utilities";
				INFOPLIST_KEY_NSMicrophoneUsageDescription = "イヤホンで集中しているときでも、足音がしたり近くで人が話したらお知らせします。録音や保存は行いません。";
				INFOPLIST_KEY_NSUserTrackingUsageDescription = "このアプリでは、広告を最適化してより良い体験を提供するために、他社のアプリやWebサイトでのアクティビティを基にした広告配信を行います。";
				INFOPLIST_KEY_UIApplicationSceneManifest_Generation = YES;
				INFOPLIST_KEY_UIApplicationSupportsIndirectInputEvents = YES;
				INFOPLIST_KEY_UILaunchScreen_Generation = YES;
				INFOPLIST_KEY_UISupportedInterfaceOrientations = "UIInterfaceOrientationLandscapeLeft UIInterfaceOrientationLandscapeRight UIInterfaceOrientationPortrait UIInterfaceOrientationPortraitUpsideDown";
				LD_RUNPATH_SEARCH_PATHS = (
					"$(inherited)",
					"@executable_path/Frameworks",
				);
				MARKETING_VERSION = 1.1.0;
				PRODUCT_BUNDLE_IDENTIFIER = prepan.cleanBrowser;
				PRODUCT_NAME = "$(TARGET_NAME)";
				SWIFT_EMIT_LOC_STRINGS = YES;
				SWIFT_VERSION = 5.0;
				TARGETED_DEVICE_FAMILY = "1,2";
			};
			name = Debug;
		};
		4AD131C02E3CD81700778077 /* Release */ = {
			isa = XCBuildConfiguration;
			baseConfigurationReference = 9A1E00012F7A00010000000E /* cleanBrowser/Release.xcconfig */;
			buildSettings = {
				ASSETCATALOG_COMPILER_APPICON_NAME = AppIcon;
				ASSETCATALOG_COMPILER_GLOBAL_ACCENT_COLOR_NAME = AccentColor;
				CODE_SIGN_STYLE = Automatic;
				CURRENT_PROJECT_VERSION = 1;
				DEVELOPMENT_ASSET_PATHS = "\"cleanBrowser/Preview Content\"";
				DEVELOPMENT_TEAM = D94299A947;
				ENABLE_PREVIEWS = YES;
				GENERATE_INFOPLIST_FILE = YES;
				INFOPLIST_FILE = cleanBrowser/Info.plist;
				INFOPLIST_KEY_CFBundleDisplayName = NoPeek;
				INFOPLIST_KEY_LSApplicationCategoryType = "public.app-category.utilities";
				INFOPLIST_KEY_NSMicrophoneUsageDescription = "イヤホンで集中しているときでも、足音がしたり近くで人が話したらお知らせします。録音や保存は行いません。";
				INFOPLIST_KEY_NSUserTrackingUsageDescription = "このアプリでは、広告を最適化してより良い体験を提供するために、他社のアプリやWebサイトでのアクティビティを基にした広告配信を行います。";
				INFOPLIST_KEY_UIApplicationSceneManifest_Generation = YES;
				INFOPLIST_KEY_UIApplicationSupportsIndirectInputEvents = YES;
				INFOPLIST_KEY_UILaunchScreen_Generation = YES;
				INFOPLIST_KEY_UISupportedInterfaceOrientations = "UIInterfaceOrientationLandscapeLeft UIInterfaceOrientationLandscapeRight UIInterfaceOrientationPortrait UIInterfaceOrientationPortraitUpsideDown";
				LD_RUNPATH_SEARCH_PATHS = (
					"$(inherited)",
					"@executable_path/Frameworks",
				);
				MARKETING_VERSION = 1.1.0;
				PRODUCT_BUNDLE_IDENTIFIER = prepan.cleanBrowser;
				PRODUCT_NAME = "$(TARGET_NAME)";
				SWIFT_EMIT_LOC_STRINGS = YES;
				SWIFT_VERSION = 5.0;
				TARGETED_DEVICE_FAMILY = "1,2";
			};
			name = Release;
		};
		9A1E00012F7A000100000008 /* Debug */ = {
			isa = XCBuildConfiguration;
			buildSettings = {
				BUNDLE_LOADER = "$(TEST_HOST)";
				CODE_SIGN_STYLE = Automatic;
				CURRENT_PROJECT_VERSION = 1;
				DEVELOPMENT_TEAM = D94299A947;
				GENERATE_INFOPLIST_FILE = YES;
				IPHONEOS_DEPLOYMENT_TARGET = 18.2;
				LD_RUNPATH_SEARCH_PATHS = (
					"$(inherited)",
					"@executable_path/Frameworks",
					"@loader_path/Frameworks",
				);
				PRODUCT_BUNDLE_IDENTIFIER = prepan.cleanBrowserTests;
				PRODUCT_NAME = "$(TARGET_NAME)";
				SWIFT_ACTIVE_COMPILATION_CONDITIONS = "DEBUG $(inherited)";
				SWIFT_VERSION = 5.0;
				TARGETED_DEVICE_FAMILY = "1,2";
				TEST_HOST = "$(BUILT_PRODUCTS_DIR)/cleanBrowser.app/$(BUNDLE_EXECUTABLE_FOLDER_PATH)/cleanBrowser";
				TEST_TARGET_NAME = cleanBrowser;
			};
			name = Debug;
		};
		9A1E00012F7A000100000009 /* Release */ = {
			isa = XCBuildConfiguration;
			buildSettings = {
				BUNDLE_LOADER = "$(TEST_HOST)";
				CODE_SIGN_STYLE = Automatic;
				CURRENT_PROJECT_VERSION = 1;
				DEVELOPMENT_TEAM = D94299A947;
				GENERATE_INFOPLIST_FILE = YES;
				IPHONEOS_DEPLOYMENT_TARGET = 18.2;
				LD_RUNPATH_SEARCH_PATHS = (
					"$(inherited)",
					"@executable_path/Frameworks",
					"@loader_path/Frameworks",
				);
				PRODUCT_BUNDLE_IDENTIFIER = prepan.cleanBrowserTests;
				PRODUCT_NAME = "$(TARGET_NAME)";
				SWIFT_VERSION = 5.0;
				TARGETED_DEVICE_FAMILY = "1,2";
				TEST_HOST = "$(BUILT_PRODUCTS_DIR)/cleanBrowser.app/$(BUNDLE_EXECUTABLE_FOLDER_PATH)/cleanBrowser";
				TEST_TARGET_NAME = cleanBrowser;
			};
			name = Release;
		};
/* End XCBuildConfiguration section */

/* Begin XCConfigurationList section */
		4AD131AB2E3CD81400778077 /* Build configuration list for PBXProject "cleanBrowser" */ = {
			isa = XCConfigurationList;
			buildConfigurations = (
				4AD131BC2E3CD81700778077 /* Debug */,
				4AD131BD2E3CD81700778077 /* Release */,
			);
			defaultConfigurationIsVisible = 0;
			defaultConfigurationName = Release;
		};
		4AD131BE2E3CD81700778077 /* Build configuration list for PBXNativeTarget "cleanBrowser" */ = {
			isa = XCConfigurationList;
			buildConfigurations = (
				4AD131BF2E3CD81700778077 /* Debug */,
				4AD131C02E3CD81700778077 /* Release */,
			);
			defaultConfigurationIsVisible = 0;
			defaultConfigurationName = Release;
		};
		9A1E00012F7A000100000007 /* Build configuration list for PBXNativeTarget "cleanBrowserTests" */ = {
			isa = XCConfigurationList;
			buildConfigurations = (
				9A1E00012F7A000100000008 /* Debug */,
				9A1E00012F7A000100000009 /* Release */,
			);
			defaultConfigurationIsVisible = 0;
			defaultConfigurationName = Release;
		};
/* End XCConfigurationList section */

/* Begin XCRemoteSwiftPackageReference section */
		4ADC24B82E4898AE00BB8416 /* XCRemoteSwiftPackageReference "swift-package-manager-google-mobile-ads" */ = {
			isa = XCRemoteSwiftPackageReference;
			repositoryURL = "https://github.com/googleads/swift-package-manager-google-mobile-ads";
			requirement = {
				kind = upToNextMajorVersion;
				minimumVersion = 12.8.0;
			};
		};
		9A1E00012F7A000100000011 /* XCRemoteSwiftPackageReference "posthog-ios" */ = {
			isa = XCRemoteSwiftPackageReference;
			repositoryURL = "https://github.com/PostHog/posthog-ios";
			requirement = {
				kind = upToNextMajorVersion;
				minimumVersion = 3.47.0;
			};
		};
/* End XCRemoteSwiftPackageReference section */

/* Begin XCSwiftPackageProductDependency section */
		4ADC24B92E4898AE00BB8416 /* GoogleMobileAds */ = {
			isa = XCSwiftPackageProductDependency;
			package = 4ADC24B82E4898AE00BB8416 /* XCRemoteSwiftPackageReference "swift-package-manager-google-mobile-ads" */;
			productName = GoogleMobileAds;
		};
		9A1E00012F7A000100000010 /* PostHog */ = {
			isa = XCSwiftPackageProductDependency;
			package = 9A1E00012F7A000100000011 /* XCRemoteSwiftPackageReference "posthog-ios" */;
			productName = PostHog;
		};
/* End XCSwiftPackageProductDependency section */
	};
	rootObject = 4AD131A82E3CD81400778077 /* Project object */;
}
